
Microsoft Visual Studio Solution File, Format Version 12.00
# Visual Studio Version 17
VisualStudioVersion = 17.14.36414.22 d17.14
MinimumVisualStudioVersion = 10.0.40219.1
Project("{FAE04EC0-301F-11D3-BF4B-00C04F79EFBC}") = "coachingwebsite", "coachingwebsite.csproj", "{647AC172-FE31-4059-A93A-94CB5D38E6B8}"
EndProject
Global
	GlobalSection(SolutionConfigurationPlatforms) = preSolution
		Debug|Any CPU = Debug|Any CPU
		Release|Any CPU = Release|Any CPU
	EndGlobalSection
	GlobalSection(ProjectConfigurationPlatforms) = postSolution
		{647AC172-FE31-4059-A93A-94CB5D38E6B8}.Debug|Any CPU.ActiveCfg = Debug|Any CPU
		{647AC172-FE31-4059-A93A-94CB5D38E6B8}.Debug|Any CPU.Build.0 = Debug|Any CPU
		{647AC172-FE31-4059-A93A-94CB5D38E6B8}.Release|Any CPU.ActiveCfg = Release|Any CPU
		{647AC172-FE31-4059-A93A-94CB5D38E6B8}.Release|Any CPU.Build.0 = Release|Any CPU
	EndGlobalSection
	GlobalSection(SolutionProperties) = preSolution
		HideSolutionNode = FALSE
	EndGlobalSection
	GlobalSection(ExtensibilityGlobals) = postSolution
		SolutionGuid = {89F2FE6B-AE38-478C-869E-0DCB65C76A75}
	EndGlobalSection
EndGlobal
